
Microsoft Visual Studio Solution File, Format Version 12.00
# Visual Studio Version 17
VisualStudioVersion = 17.0.32014.148
MinimumVisualStudioVersion = 10.0.40219.1
Project("{9A19103F-16F7-4668-BE54-9A1E7A4F7556}") = "OOPDemo01", "OOPDemo01\OOPDemo01.csproj", "{EA6661D7-252C-45D9-8EAF-7AAE900F6469}"
EndProject
Project("{FAE04EC0-301F-11D3-BF4B-00C04F79EFBC}") = "OOPDemo01-CodeAlong", "OOPDemo01-CodeAlong\OOPDemo01-CodeAlong.csproj", "{AA82C5E8-36EF-4BC0-A4A9-301F05CA1A78}"
EndProject
Global
	GlobalSection(SolutionConfigurationPlatforms) = preSolution
		Debug|Any CPU = Debug|Any CPU
		Release|Any CPU = Release|Any CPU
	EndGlobalSection
	GlobalSection(ProjectConfigurationPlatforms) = postSolution
		{EA6661D7-252C-45D9-8EAF-7AAE900F6469}.Debug|Any CPU.ActiveCfg = Debug|Any CPU
		{EA6661D7-252C-45D9-8EAF-7AAE900F6469}.Debug|Any CPU.Build.0 = Debug|Any CPU
		{EA6661D7-252C-45D9-8EAF-7AAE900F6469}.Release|Any CPU.ActiveCfg = Release|Any CPU
		{EA6661D7-252C-45D9-8EAF-7AAE900F6469}.Release|Any CPU.Build.0 = Release|Any CPU
		{AA82C5E8-36EF-4BC0-A4A9-301F05CA1A78}.Debug|Any CPU.ActiveCfg = Debug|Any CPU
		{AA82C5E8-36EF-4BC0-A4A9-301F05CA1A78}.Debug|Any CPU.Build.0 = Debug|Any CPU
		{AA82C5E8-36EF-4BC0-A4A9-301F05CA1A78}.Release|Any CPU.ActiveCfg = Release|Any CPU
		{AA82C5E8-36EF-4BC0-A4A9-301F05CA1A78}.Release|Any CPU.Build.0 = Release|Any CPU
	EndGlobalSection
	GlobalSection(SolutionProperties) = preSolution
		HideSolutionNode = FALSE
	EndGlobalSection
	GlobalSection(ExtensibilityGlobals) = postSolution
		SolutionGuid = {14B0E75E-6BE9-43CD-8FB1-88AAB601497E}
	EndGlobalSection
EndGlobal
