
Microsoft Visual Studio Solution File, Format Version 12.00
# Visual Studio Version 17
VisualStudioVersion = 17.0.32014.148
MinimumVisualStudioVersion = 10.0.40219.1
Project("{FAE04EC0-301F-11D3-BF4B-00C04F79EFBC}") = "ListManipulationDemo", "ListManipulationDemo\ListManipulationDemo.csproj", "{1FECB80B-2C75-45F8-B187-8E9A489D688E}"
EndProject
Global
	GlobalSection(SolutionConfigurationPlatforms) = preSolution
		Debug|Any CPU = Debug|Any CPU
		Release|Any CPU = Release|Any CPU
	EndGlobalSection
	GlobalSection(ProjectConfigurationPlatforms) = postSolution
		{1FECB80B-2C75-45F8-B187-8E9A489D688E}.Debug|Any CPU.ActiveCfg = Debug|Any CPU
		{1FECB80B-2C75-45F8-B187-8E9A489D688E}.Debug|Any CPU.Build.0 = Debug|Any CPU
		{1FECB80B-2C75-45F8-B187-8E9A489D688E}.Release|Any CPU.ActiveCfg = Release|Any CPU
		{1FECB80B-2C75-45F8-B187-8E9A489D688E}.Release|Any CPU.Build.0 = Release|Any CPU
	EndGlobalSection
	GlobalSection(SolutionProperties) = preSolution
		HideSolutionNode = FALSE
	EndGlobalSection
	GlobalSection(ExtensibilityGlobals) = postSolution
		SolutionGuid = {1A7F3546-A9FA-4536-8EDF-372B54911114}
	EndGlobalSection
EndGlobal
